// !$*UTF8*$!
{
	archiveVersion = 1;
	classes = {
	};
	objectVersion = 51;
	objects = {

/* Begin PBXBuildFile section */
		045A88144330EA7A21F448E3 /* BookDetailViewController.swift in Sources */ = {isa = PBXBuildFile; fileRef = B9DB933CBFE42C1A5CC08E3C /* BookDetailViewController.swift */; };
		065819925F9648E6EC08DDBB /* RxRelay.framework in Embed Frameworks */ = {isa = PBXBuildFile; fileRef = F404EB94599A7019F3AFB65A /* RxRelay.framework */; settings = {ATTRIBUTES = (CodeSignOnCopy, RemoveHeadersOnCopy, ); }; };
		0EFC4BC4836417BD966E7572 /* MybookRepository.swift in Sources */ = {isa = PBXBuildFile; fileRef = 1A80C4AD7D5E114BDABEF5D6 /* MybookRepository.swift */; };
		101807A974595E129ED47038 /* RxCocoa.framework in Embed Frameworks */ = {isa = PBXBuildFile; fileRef = BCF5670BF9F4ACC3F4AE93F5 /* RxCocoa.framework */; settings = {ATTRIBUTES = (CodeSignOnCopy, RemoveHeadersOnCopy, ); }; };
		13F757F8E854BB43216F0B7A /* RxRelay.framework in Frameworks */ = {isa = PBXBuildFile; fileRef = F404EB94599A7019F3AFB65A /* RxRelay.framework */; };
		14179FEFE6B396844DA837A9 /* AbceedUI.h in Headers */ = {isa = PBXBuildFile; fileRef = 660DA6681B4271507405C461 /* AbceedUI.h */; settings = {ATTRIBUTES = (Public, ); }; };
		142B93A15CD225A07C953D0C /* RxNuke.framework in Frameworks */ = {isa = PBXBuildFile; fileRef = 659F1FC08E4006D2C41DABF8 /* RxNuke.framework */; };
		16D2FBE0F346D339A07D9ED3 /* BookListViewModel.swift in Sources */ = {isa = PBXBuildFile; fileRef = 21B74E49994A47A265CA3BBB /* BookListViewModel.swift */; };
		1843976CDEC305D8B01BB665 /* MockBookRepository.swift in Sources */ = {isa = PBXBuildFile; fileRef = 6DF982E5CD6F2B31B8D35399 /* MockBookRepository.swift */; };
		199F435FDFA363F35D25DDBA /* Realm.framework in Frameworks */ = {isa = PBXBuildFile; fileRef = A88B235009CC6395F851A6EF /* Realm.framework */; };
		1D9BCD636AB68BE273AFDD09 /* AbceedUIBundle.bundle in Resources */ = {isa = PBXBuildFile; fileRef = 37F3BA4BCB36907039ADCEA8 /* AbceedUIBundle.bundle */; settings = {ATTRIBUTES = (CodeSignOnCopy, RemoveHeadersOnCopy, ); }; };
		200777A872698661D551B42D /* SubCategoryListViewModel.swift in Sources */ = {isa = PBXBuildFile; fileRef = E4A576169EFC95B67C9F496A /* SubCategoryListViewModel.swift */; };
		205250DD28F8F92A0EC4E881 /* RealmSwift.framework in Embed Frameworks */ = {isa = PBXBuildFile; fileRef = D39E5D21301CC7CE462CDB0A /* RealmSwift.framework */; settings = {ATTRIBUTES = (CodeSignOnCopy, RemoveHeadersOnCopy, ); }; };
		217710AF4FED19A07BF6EADB /* RxCocoa.framework in Frameworks */ = {isa = PBXBuildFile; fileRef = BCF5670BF9F4ACC3F4AE93F5 /* RxCocoa.framework */; };
		31E944680D325E1D80C7629A /* BookRepository.swift in Sources */ = {isa = PBXBuildFile; fileRef = ED30DB3CED6C3FECA81826CF /* BookRepository.swift */; };
		3316B2CBC6ECD3BE0F8E8E00 /* TestHelper.framework in Frameworks */ = {isa = PBXBuildFile; fileRef = 5AFA33CF457B8B8ACD4E6B97 /* TestHelper.framework */; };
		33E091E04CC1D773B83EE9EB /* MockBookListWireframe.swift in Sources */ = {isa = PBXBuildFile; fileRef = D4C0A524C2382B80CA6D67CD /* MockBookListWireframe.swift */; };
		35A6755FCF06B6A38B93FD11 /* RxSwift.framework in Embed Frameworks */ = {isa = PBXBuildFile; fileRef = D76B54D35821D81D53057DB0 /* RxSwift.framework */; settings = {ATTRIBUTES = (CodeSignOnCopy, RemoveHeadersOnCopy, ); }; };
		36487452E7C76AB12B3FEF6D /* TestHelper.framework in Embed Frameworks */ = {isa = PBXBuildFile; fileRef = 5AFA33CF457B8B8ACD4E6B97 /* TestHelper.framework */; settings = {ATTRIBUTES = (CodeSignOnCopy, RemoveHeadersOnCopy, ); }; };
		3827F05A7ED2709E3390158B /* Protocols.swift in Sources */ = {isa = PBXBuildFile; fileRef = B288FD3BF56C032384830294 /* Protocols.swift */; };
		3B216105C9700BE75B1305EE /* RxSwift.framework in Frameworks */ = {isa = PBXBuildFile; fileRef = D76B54D35821D81D53057DB0 /* RxSwift.framework */; };
		3CA3C2177C0E2973356B1977 /* Assets.xcassets in Resources */ = {isa = PBXBuildFile; fileRef = FB826C57D0A84C1CAF65DC14 /* Assets.xcassets */; };
		3DA252C87C9B8B3A4C12FCFF /* RxRelay.framework in Embed Frameworks */ = {isa = PBXBuildFile; fileRef = F404EB94599A7019F3AFB65A /* RxRelay.framework */; settings = {ATTRIBUTES = (CodeSignOnCopy, RemoveHeadersOnCopy, ); }; };
		4D1A8376A5418BFFC622C2FE /* RxCocoa.framework in Embed Frameworks */ = {isa = PBXBuildFile; fileRef = BCF5670BF9F4ACC3F4AE93F5 /* RxCocoa.framework */; settings = {ATTRIBUTES = (CodeSignOnCopy, RemoveHeadersOnCopy, ); }; };
		50DDAC9CE89363AE41057C97 /* API.swift in Sources */ = {isa = PBXBuildFile; fileRef = AF64286DBB518AB391BB76A6 /* API.swift */; };
		572FE800E96A3D6AED402B3A /* SwipeMenuViewController.framework in Frameworks */ = {isa = PBXBuildFile; fileRef = 7645D01907468E5B0C20F3CF /* SwipeMenuViewController.framework */; };
		5D09810DE2550393BA2077FC /* TopCategoryTabState.swift in Sources */ = {isa = PBXBuildFile; fileRef = 22B03BFF0D508802FE96EFDD /* TopCategoryTabState.swift */; };
		5EC2ED6D8D70E49AC6B9B05A /* AppDelegate.swift in Sources */ = {isa = PBXBuildFile; fileRef = DA5280A67453312BBFFABA97 /* AppDelegate.swift */; };
		606C5EFF080A969882B7FD62 /* TestHelper.framework in Embed Frameworks */ = {isa = PBXBuildFile; fileRef = 5AFA33CF457B8B8ACD4E6B97 /* TestHelper.framework */; settings = {ATTRIBUTES = (CodeSignOnCopy, RemoveHeadersOnCopy, ); }; };
		6522C49BA08918FEE9296E2C /* TopCategoryTabViewController.swift in Sources */ = {isa = PBXBuildFile; fileRef = 45B3A1EF5442397D8F3B9267 /* TopCategoryTabViewController.swift */; };
		6691686633A2E925BCA1FA2D /* AbceedUIBundle.bundle in Resources */ = {isa = PBXBuildFile; fileRef = 37F3BA4BCB36907039ADCEA8 /* AbceedUIBundle.bundle */; settings = {ATTRIBUTES = (CodeSignOnCopy, RemoveHeadersOnCopy, ); }; };
		6C69F6386D105681733AEAD3 /* TestHelper.framework in Frameworks */ = {isa = PBXBuildFile; fileRef = 5AFA33CF457B8B8ACD4E6B97 /* TestHelper.framework */; };
		6FA0703CC771F03265820ED0 /* TestHelper.swift in Sources */ = {isa = PBXBuildFile; fileRef = 636D55B8A29FF22D4547CC8B /* TestHelper.swift */; };
		78710F1498EDAB0E7C6274C7 /* AbceedLogic.h in Headers */ = {isa = PBXBuildFile; fileRef = E65CA2D4DE3D19707228E4F0 /* AbceedLogic.h */; settings = {ATTRIBUTES = (Public, ); }; };
		7909492DE0C102873CC9E835 /* SubCategoryHeaderView.swift in Sources */ = {isa = PBXBuildFile; fileRef = 5BD9274AAE0933AE4A857782 /* SubCategoryHeaderView.swift */; };
		7B01FF19CB334ED5CCFFAA79 /* BookListTabViewModelTests.swift in Sources */ = {isa = PBXBuildFile; fileRef = 514C07DA32C8BA53FACE8BB6 /* BookListTabViewModelTests.swift */; };
		80B46DF4CF70B6A047FD7A20 /* Nuke.framework in Frameworks */ = {isa = PBXBuildFile; fileRef = C6E369D5DF4813C47C1548DC /* Nuke.framework */; };
		8414B8DF2C27B1D9C083A5B7 /* book.json in Resources */ = {isa = PBXBuildFile; fileRef = 4D2B5A1D83FEA075A806469E /* book.json */; };
		84CAC06804DABA74567ECB73 /* BookDetailViewModel.swift in Sources */ = {isa = PBXBuildFile; fileRef = 4DC5248B5A3F79A2579A8952 /* BookDetailViewModel.swift */; };
		872BB17CDBAA3D8931B5CDA9 /* TestHelper.framework in Frameworks */ = {isa = PBXBuildFile; fileRef = 5AFA33CF457B8B8ACD4E6B97 /* TestHelper.framework */; };
		A72E34C3221C3CED5184FA2F /* TestHelper.h in Headers */ = {isa = PBXBuildFile; fileRef = 296396731E0173E749228D58 /* TestHelper.h */; settings = {ATTRIBUTES = (Public, ); }; };
		ACDC0AA2FA7622B4CFC44354 /* Builders.swift in Sources */ = {isa = PBXBuildFile; fileRef = 7B44CDEFC7CEECD9F0314C01 /* Builders.swift */; };
		AEBBE91F6C5297D9399B8D34 /* SubCategoryListViewController.swift in Sources */ = {isa = PBXBuildFile; fileRef = A0D5172B46549112E1046CA6 /* SubCategoryListViewController.swift */; };
		B7907BF82C23293542C61C11 /* Realm.framework in Embed Frameworks */ = {isa = PBXBuildFile; fileRef = A88B235009CC6395F851A6EF /* Realm.framework */; settings = {ATTRIBUTES = (CodeSignOnCopy, RemoveHeadersOnCopy, ); }; };
		BEB763F7C020B6DEB53F869C /* Wireframes.swift in Sources */ = {isa = PBXBuildFile; fileRef = C4333244F39555C9AB633029 /* Wireframes.swift */; };
		C44A994BABAD81FB6D951ACB /* TopCategoryTabViewModel.swift in Sources */ = {isa = PBXBuildFile; fileRef = 0B13530753D74793C3B64B29 /* TopCategoryTabViewModel.swift */; };
		C62971837258E284855F3B1D /* MockBookListTabViewModel.swift in Sources */ = {isa = PBXBuildFile; fileRef = FE099BFE91B6A8917EA3358D /* MockBookListTabViewModel.swift */; };
		C6622A8B89ED5386B0857663 /* TestHelper.framework in Embed Frameworks */ = {isa = PBXBuildFile; fileRef = 5AFA33CF457B8B8ACD4E6B97 /* TestHelper.framework */; settings = {ATTRIBUTES = (CodeSignOnCopy, RemoveHeadersOnCopy, ); }; };
		C72892FAD3F21B63FE4A3DC8 /* AppDelegate.swift in Sources */ = {isa = PBXBuildFile; fileRef = EB96E39F6F588CAA1878AE92 /* AppDelegate.swift */; };
		C7EE62DB83D797314F4962B1 /* DecodableTests.swift in Sources */ = {isa = PBXBuildFile; fileRef = 3EDFE978107DA9C3A52A3515 /* DecodableTests.swift */; };
		CB1AC39B6DDF466E49A3032E /* MockBookRepository.swift in Sources */ = {isa = PBXBuildFile; fileRef = AEB78A8B5D3C69AA175B5566 /* MockBookRepository.swift */; };
		CC3AD59FC6FE9DD4569FBA04 /* LaunchScreen.storyboard in Resources */ = {isa = PBXBuildFile; fileRef = 1199C9C8D35D10C5A69FE53C /* LaunchScreen.storyboard */; };
		CE210492EB4A43CAC949973E /* UIKit.swift in Sources */ = {isa = PBXBuildFile; fileRef = 2CA6DC38C8F70C3BD71B849E /* UIKit.swift */; };
		CEE3D440CA0BFC1FCDF2E351 /* BookCell.swift in Sources */ = {isa = PBXBuildFile; fileRef = 3E89BC58E96C252B43109ED8 /* BookCell.swift */; };
		D3D618DA3ACB39EA53A1EA72 /* Rx.swift in Sources */ = {isa = PBXBuildFile; fileRef = D3692EBAC4158553A3F98800 /* Rx.swift */; };
		D48C66FFA58EF6A13B6F9FB7 /* RealmSwift.framework in Frameworks */ = {isa = PBXBuildFile; fileRef = D39E5D21301CC7CE462CDB0A /* RealmSwift.framework */; };
		D6E655AE64BDD6D29AABA68A /* left-arrow.png in Resources */ = {isa = PBXBuildFile; fileRef = 39BE7316E815F8C6B61C6306 /* left-arrow.png */; };
		D8E82AC8AFE9D5BC3B23FAC6 /* single_subcategory.json in Resources */ = {isa = PBXBuildFile; fileRef = F65FA9F87C6E0CF6431BB4E2 /* single_subcategory.json */; };
		DEB107D9723C3482CBE4524D /* all_data.json in Resources */ = {isa = PBXBuildFile; fileRef = AACE44CBB328AED11706E79E /* all_data.json */; };
		E08A75D6F9ED0B383A301D02 /* RxProperty.swift in Sources */ = {isa = PBXBuildFile; fileRef = C527503F33B63C6BF3EC64F5 /* RxProperty.swift */; };
		E0E3FA1CAD57ADCCD020F7C5 /* AbceedCore.h in Headers */ = {isa = PBXBuildFile; fileRef = A62EBCE183E08C847C0F4047 /* AbceedCore.h */; settings = {ATTRIBUTES = (Public, ); }; };
		E99855A3B3EBF3989A88A47C /* LaunchScreen.storyboard in Resources */ = {isa = PBXBuildFile; fileRef = 1FC5CBDBC771D281F1E5FD16 /* LaunchScreen.storyboard */; };
		F13F1D265A51123561A23BE9 /* BookListCollectionCell.swift in Sources */ = {isa = PBXBuildFile; fileRef = F9C5DF4C61057702F0A7B8D4 /* BookListCollectionCell.swift */; };
		F454A3F0848CAE9EDD0DE0F8 /* RxSwift.framework in Embed Frameworks */ = {isa = PBXBuildFile; fileRef = D76B54D35821D81D53057DB0 /* RxSwift.framework */; settings = {ATTRIBUTES = (CodeSignOnCopy, RemoveHeadersOnCopy, ); }; };
		F75C3667D536D142802DD6A0 /* Assets.xcassets in Resources */ = {isa = PBXBuildFile; fileRef = C3776397EB1D568A6D5DA40C /* Assets.xcassets */; };
/* End PBXBuildFile section */

/* Begin PBXContainerItemProxy section */
		18AF5B0AC5FDADAD9536E1D5 /* PBXContainerItemProxy */ = {
			isa = PBXContainerItemProxy;
			containerPortal = AF360851EE47AA87F1D07466 /* Project object */;
			proxyType = 1;
			remoteGlobalIDString = 9DCF399CCD8D381C9840797D;
			remoteInfo = AbceedUI;
		};
		2B255F0D822949A52CBA873E /* PBXContainerItemProxy */ = {
			isa = PBXContainerItemProxy;
			containerPortal = AF360851EE47AA87F1D07466 /* Project object */;
			proxyType = 1;
			remoteGlobalIDString = 351A5F741BFA05FF252D5232;
			remoteInfo = AbceedUIBundle;
		};
		30194EF866F1EAA178C2FFCD /* PBXContainerItemProxy */ = {
			isa = PBXContainerItemProxy;
			containerPortal = AF360851EE47AA87F1D07466 /* Project object */;
			proxyType = 1;
			remoteGlobalIDString = 63EE88F3A704E8F2B037580F;
			remoteInfo = AbceedCore;
		};
		3B29BA9F13F70DE487F9C856 /* PBXContainerItemProxy */ = {
			isa = PBXContainerItemProxy;
			containerPortal = AF360851EE47AA87F1D07466 /* Project object */;
			proxyType = 1;
			remoteGlobalIDString = 4C9038B06EA762204424C94D;
			remoteInfo = TestHelper;
		};
		442C2A7B6CC6AC7542FC608B /* PBXContainerItemProxy */ = {
			isa = PBXContainerItemProxy;
			containerPortal = AF360851EE47AA87F1D07466 /* Project object */;
			proxyType = 1;
			remoteGlobalIDString = 351A5F741BFA05FF252D5232;
			remoteInfo = AbceedUIBundle;
		};
		741F9EB66247285742BFF60A /* PBXContainerItemProxy */ = {
			isa = PBXContainerItemProxy;
			containerPortal = AF360851EE47AA87F1D07466 /* Project object */;
			proxyType = 1;
			remoteGlobalIDString = 4C9038B06EA762204424C94D;
			remoteInfo = TestHelper;
		};
		99E4B20B51064401E6A07891 /* PBXContainerItemProxy */ = {
			isa = PBXContainerItemProxy;
			containerPortal = AF360851EE47AA87F1D07466 /* Project object */;
			proxyType = 1;
			remoteGlobalIDString = 4F350538950A8EF5F0A93B57;
			remoteInfo = AbceedLogic;
		};
		CAA00E7B7E2DA9D0AB79B55C /* PBXContainerItemProxy */ = {
			isa = PBXContainerItemProxy;
			containerPortal = AF360851EE47AA87F1D07466 /* Project object */;
			proxyType = 1;
			remoteGlobalIDString = 4F350538950A8EF5F0A93B57;
			remoteInfo = AbceedLogic;
		};
		E0EF3410EB7158EAE3EEADCE /* PBXContainerItemProxy */ = {
			isa = PBXContainerItemProxy;
			containerPortal = AF360851EE47AA87F1D07466 /* Project object */;
			proxyType = 1;
			remoteGlobalIDString = 9DCF399CCD8D381C9840797D;
			remoteInfo = AbceedUI;
		};
		E23010824FAC4A331ABC6362 /* PBXContainerItemProxy */ = {
			isa = PBXContainerItemProxy;
			containerPortal = AF360851EE47AA87F1D07466 /* Project object */;
			proxyType = 1;
			remoteGlobalIDString = 63EE88F3A704E8F2B037580F;
			remoteInfo = AbceedCore;
		};
		EDCBA9D9A963559B8D6883A9 /* PBXContainerItemProxy */ = {
			isa = PBXContainerItemProxy;
			containerPortal = AF360851EE47AA87F1D07466 /* Project object */;
			proxyType = 1;
			remoteGlobalIDString = 4C9038B06EA762204424C94D;
			remoteInfo = TestHelper;
		};
/* End PBXContainerItemProxy section */

/* Begin PBXCopyFilesBuildPhase section */
		1DCDF37E67BF972D6AEDD301 /* Embed Frameworks */ = {
			isa = PBXCopyFilesBuildPhase;
			buildActionMask = 2147483647;
			dstPath = "";
			dstSubfolderSpec = 10;
			files = (
				606C5EFF080A969882B7FD62 /* TestHelper.framework in Embed Frameworks */,
				4D1A8376A5418BFFC622C2FE /* RxCocoa.framework in Embed Frameworks */,
				065819925F9648E6EC08DDBB /* RxRelay.framework in Embed Frameworks */,
				F454A3F0848CAE9EDD0DE0F8 /* RxSwift.framework in Embed Frameworks */,
			);
			name = "Embed Frameworks";
			runOnlyForDeploymentPostprocessing = 0;
		};
		60F44A7EA3B466F3B3EC06BE /* Embed Frameworks */ = {
			isa = PBXCopyFilesBuildPhase;
			buildActionMask = 2147483647;
			dstPath = "";
			dstSubfolderSpec = 10;
			files = (
				C6622A8B89ED5386B0857663 /* TestHelper.framework in Embed Frameworks */,
			);
			name = "Embed Frameworks";
			runOnlyForDeploymentPostprocessing = 0;
		};
		EBF5745DC8A5124C9B3430D0 /* Embed Frameworks */ = {
			isa = PBXCopyFilesBuildPhase;
			buildActionMask = 2147483647;
			dstPath = "";
			dstSubfolderSpec = 10;
			files = (
				36487452E7C76AB12B3FEF6D /* TestHelper.framework in Embed Frameworks */,
				B7907BF82C23293542C61C11 /* Realm.framework in Embed Frameworks */,
				205250DD28F8F92A0EC4E881 /* RealmSwift.framework in Embed Frameworks */,
				101807A974595E129ED47038 /* RxCocoa.framework in Embed Frameworks */,
				3DA252C87C9B8B3A4C12FCFF /* RxRelay.framework in Embed Frameworks */,
				35A6755FCF06B6A38B93FD11 /* RxSwift.framework in Embed Frameworks */,
			);
			name = "Embed Frameworks";
			runOnlyForDeploymentPostprocessing = 0;
		};
/* End PBXCopyFilesBuildPhase section */

/* Begin PBXFileReference section */
		0B13530753D74793C3B64B29 /* TopCategoryTabViewModel.swift */ = {isa = PBXFileReference; lastKnownFileType = sourcecode.swift; path = TopCategoryTabViewModel.swift; sourceTree = "<group>"; };
		0DB71CD23DA99045EC71E992 /* Info.plist */ = {isa = PBXFileReference; lastKnownFileType = text.plist; path = Info.plist; sourceTree = "<group>"; };
		1901E2E2F9DBAC35E38125FC /* Info.plist */ = {isa = PBXFileReference; lastKnownFileType = text.plist; path = Info.plist; sourceTree = "<group>"; };
		1A80C4AD7D5E114BDABEF5D6 /* MybookRepository.swift */ = {isa = PBXFileReference; lastKnownFileType = sourcecode.swift; path = MybookRepository.swift; sourceTree = "<group>"; };
		21B74E49994A47A265CA3BBB /* BookListViewModel.swift */ = {isa = PBXFileReference; lastKnownFileType = sourcecode.swift; path = BookListViewModel.swift; sourceTree = "<group>"; };
		22B03BFF0D508802FE96EFDD /* TopCategoryTabState.swift */ = {isa = PBXFileReference; lastKnownFileType = sourcecode.swift; path = TopCategoryTabState.swift; sourceTree = "<group>"; };
		296396731E0173E749228D58 /* TestHelper.h */ = {isa = PBXFileReference; lastKnownFileType = sourcecode.c.h; path = TestHelper.h; sourceTree = "<group>"; };
		2ACA72B6B89050234B9A1185 /* Info.plist */ = {isa = PBXFileReference; lastKnownFileType = text.plist; path = Info.plist; sourceTree = "<group>"; };
		2CA6DC38C8F70C3BD71B849E /* UIKit.swift */ = {isa = PBXFileReference; lastKnownFileType = sourcecode.swift; path = UIKit.swift; sourceTree = "<group>"; };
		37F3BA4BCB36907039ADCEA8 /* AbceedUIBundle.bundle */ = {isa = PBXFileReference; includeInIndex = 0; lastKnownFileType = "wrapper.plug-in"; path = AbceedUIBundle.bundle; sourceTree = BUILT_PRODUCTS_DIR; };
		39BE7316E815F8C6B61C6306 /* left-arrow.png */ = {isa = PBXFileReference; lastKnownFileType = image.png; path = "left-arrow.png"; sourceTree = "<group>"; };
		3E89BC58E96C252B43109ED8 /* BookCell.swift */ = {isa = PBXFileReference; lastKnownFileType = sourcecode.swift; path = BookCell.swift; sourceTree = "<group>"; };
		3EDFE978107DA9C3A52A3515 /* DecodableTests.swift */ = {isa = PBXFileReference; lastKnownFileType = sourcecode.swift; path = DecodableTests.swift; sourceTree = "<group>"; };
		45B3A1EF5442397D8F3B9267 /* TopCategoryTabViewController.swift */ = {isa = PBXFileReference; lastKnownFileType = sourcecode.swift; path = TopCategoryTabViewController.swift; sourceTree = "<group>"; };
		4D2B5A1D83FEA075A806469E /* book.json */ = {isa = PBXFileReference; lastKnownFileType = text.json; path = book.json; sourceTree = "<group>"; };
		4DC5248B5A3F79A2579A8952 /* BookDetailViewModel.swift */ = {isa = PBXFileReference; lastKnownFileType = sourcecode.swift; path = BookDetailViewModel.swift; sourceTree = "<group>"; };
		514C07DA32C8BA53FACE8BB6 /* BookListTabViewModelTests.swift */ = {isa = PBXFileReference; lastKnownFileType = sourcecode.swift; path = BookListTabViewModelTests.swift; sourceTree = "<group>"; };
		5877C1F15DC4B427ED32C958 /* AbceedLogic.framework */ = {isa = PBXFileReference; explicitFileType = wrapper.framework; includeInIndex = 0; path = AbceedLogic.framework; sourceTree = BUILT_PRODUCTS_DIR; };
		5AFA33CF457B8B8ACD4E6B97 /* TestHelper.framework */ = {isa = PBXFileReference; explicitFileType = wrapper.framework; includeInIndex = 0; path = TestHelper.framework; sourceTree = BUILT_PRODUCTS_DIR; };
		5BD9274AAE0933AE4A857782 /* SubCategoryHeaderView.swift */ = {isa = PBXFileReference; lastKnownFileType = sourcecode.swift; path = SubCategoryHeaderView.swift; sourceTree = "<group>"; };
		6120126498B880C575068099 /* AbceedLogicTests.xctest */ = {isa = PBXFileReference; includeInIndex = 0; lastKnownFileType = wrapper.cfbundle; path = AbceedLogicTests.xctest; sourceTree = BUILT_PRODUCTS_DIR; };
		636D55B8A29FF22D4547CC8B /* TestHelper.swift */ = {isa = PBXFileReference; lastKnownFileType = sourcecode.swift; path = TestHelper.swift; sourceTree = "<group>"; };
		641AAD16D782A8253CD66690 /* Info.plist */ = {isa = PBXFileReference; lastKnownFileType = text.plist; path = Info.plist; sourceTree = "<group>"; };
		659F1FC08E4006D2C41DABF8 /* RxNuke.framework */ = {isa = PBXFileReference; lastKnownFileType = wrapper.framework; path = RxNuke.framework; sourceTree = "<group>"; };
		660DA6681B4271507405C461 /* AbceedUI.h */ = {isa = PBXFileReference; lastKnownFileType = sourcecode.c.h; path = AbceedUI.h; sourceTree = "<group>"; };
		6C7FDFEC012BE88E53930E6C /* Info.plist */ = {isa = PBXFileReference; lastKnownFileType = text.plist; path = Info.plist; sourceTree = "<group>"; };
		6DF982E5CD6F2B31B8D35399 /* MockBookRepository.swift */ = {isa = PBXFileReference; lastKnownFileType = sourcecode.swift; path = MockBookRepository.swift; sourceTree = "<group>"; };
		7645D01907468E5B0C20F3CF /* SwipeMenuViewController.framework */ = {isa = PBXFileReference; lastKnownFileType = wrapper.framework; path = SwipeMenuViewController.framework; sourceTree = "<group>"; };
		7B44CDEFC7CEECD9F0314C01 /* Builders.swift */ = {isa = PBXFileReference; lastKnownFileType = sourcecode.swift; path = Builders.swift; sourceTree = "<group>"; };
		81A7F08588916079E8801D80 /* AbceedCore.framework */ = {isa = PBXFileReference; explicitFileType = wrapper.framework; includeInIndex = 0; path = AbceedCore.framework; sourceTree = BUILT_PRODUCTS_DIR; };
		A0D5172B46549112E1046CA6 /* SubCategoryListViewController.swift */ = {isa = PBXFileReference; lastKnownFileType = sourcecode.swift; path = SubCategoryListViewController.swift; sourceTree = "<group>"; };
		A3838DE3EF9DAB2CCD054388 /* UILibrary.app */ = {isa = PBXFileReference; includeInIndex = 0; lastKnownFileType = wrapper.application; path = UILibrary.app; sourceTree = BUILT_PRODUCTS_DIR; };
		A62EBCE183E08C847C0F4047 /* AbceedCore.h */ = {isa = PBXFileReference; lastKnownFileType = sourcecode.c.h; path = AbceedCore.h; sourceTree = "<group>"; };
		A88B235009CC6395F851A6EF /* Realm.framework */ = {isa = PBXFileReference; lastKnownFileType = wrapper.framework; path = Realm.framework; sourceTree = "<group>"; };
		AACE44CBB328AED11706E79E /* all_data.json */ = {isa = PBXFileReference; lastKnownFileType = text.json; path = all_data.json; sourceTree = "<group>"; };
		ABEBE23884F9CBE7AAAD3849 /* Info.plist */ = {isa = PBXFileReference; lastKnownFileType = text.plist; path = Info.plist; sourceTree = "<group>"; };
		AEB78A8B5D3C69AA175B5566 /* MockBookRepository.swift */ = {isa = PBXFileReference; lastKnownFileType = sourcecode.swift; path = MockBookRepository.swift; sourceTree = "<group>"; };
		AF4EE96A61C2CEE2E762282B /* Base */ = {isa = PBXFileReference; lastKnownFileType = file.storyboard; name = Base; path = Base.lproj/LaunchScreen.storyboard; sourceTree = "<group>"; };
		AF64286DBB518AB391BB76A6 /* API.swift */ = {isa = PBXFileReference; lastKnownFileType = sourcecode.swift; path = API.swift; sourceTree = "<group>"; };
		B288FD3BF56C032384830294 /* Protocols.swift */ = {isa = PBXFileReference; lastKnownFileType = sourcecode.swift; path = Protocols.swift; sourceTree = "<group>"; };
		B9DB933CBFE42C1A5CC08E3C /* BookDetailViewController.swift */ = {isa = PBXFileReference; lastKnownFileType = sourcecode.swift; path = BookDetailViewController.swift; sourceTree = "<group>"; };
		BCF5670BF9F4ACC3F4AE93F5 /* RxCocoa.framework */ = {isa = PBXFileReference; lastKnownFileType = wrapper.framework; path = RxCocoa.framework; sourceTree = "<group>"; };
		BEE845E92FC326462091B720 /* Abceed.app */ = {isa = PBXFileReference; includeInIndex = 0; lastKnownFileType = wrapper.application; path = Abceed.app; sourceTree = BUILT_PRODUCTS_DIR; };
		C3776397EB1D568A6D5DA40C /* Assets.xcassets */ = {isa = PBXFileReference; lastKnownFileType = folder.assetcatalog; path = Assets.xcassets; sourceTree = "<group>"; };
		C4333244F39555C9AB633029 /* Wireframes.swift */ = {isa = PBXFileReference; lastKnownFileType = sourcecode.swift; path = Wireframes.swift; sourceTree = "<group>"; };
		C4DF231FF3B90D54E1256E54 /* AbceedCoreTests.xctest */ = {isa = PBXFileReference; includeInIndex = 0; lastKnownFileType = wrapper.cfbundle; path = AbceedCoreTests.xctest; sourceTree = BUILT_PRODUCTS_DIR; };
		C527503F33B63C6BF3EC64F5 /* RxProperty.swift */ = {isa = PBXFileReference; lastKnownFileType = sourcecode.swift; path = RxProperty.swift; sourceTree = "<group>"; };
		C6E369D5DF4813C47C1548DC /* Nuke.framework */ = {isa = PBXFileReference; lastKnownFileType = wrapper.framework; path = Nuke.framework; sourceTree = "<group>"; };
		C92E6A59C59F7281756A8D81 /* AbceedUI.framework */ = {isa = PBXFileReference; explicitFileType = wrapper.framework; includeInIndex = 0; path = AbceedUI.framework; sourceTree = BUILT_PRODUCTS_DIR; };
		CFD24D036093FB78911DBEE6 /* Base */ = {isa = PBXFileReference; lastKnownFileType = file.storyboard; name = Base; path = Base.lproj/LaunchScreen.storyboard; sourceTree = "<group>"; };
		D2229E70CCAEDC454BBDECC5 /* Info.plist */ = {isa = PBXFileReference; lastKnownFileType = text.plist; path = Info.plist; sourceTree = "<group>"; };
		D3692EBAC4158553A3F98800 /* Rx.swift */ = {isa = PBXFileReference; lastKnownFileType = sourcecode.swift; path = Rx.swift; sourceTree = "<group>"; };
		D39E5D21301CC7CE462CDB0A /* RealmSwift.framework */ = {isa = PBXFileReference; lastKnownFileType = wrapper.framework; path = RealmSwift.framework; sourceTree = "<group>"; };
		D4C0A524C2382B80CA6D67CD /* MockBookListWireframe.swift */ = {isa = PBXFileReference; lastKnownFileType = sourcecode.swift; path = MockBookListWireframe.swift; sourceTree = "<group>"; };
		D76B54D35821D81D53057DB0 /* RxSwift.framework */ = {isa = PBXFileReference; lastKnownFileType = wrapper.framework; path = RxSwift.framework; sourceTree = "<group>"; };
		DA5280A67453312BBFFABA97 /* AppDelegate.swift */ = {isa = PBXFileReference; lastKnownFileType = sourcecode.swift; path = AppDelegate.swift; sourceTree = "<group>"; };
		DF58EE2B9695330E8C1752A1 /* Info.plist */ = {isa = PBXFileReference; lastKnownFileType = text.plist; path = Info.plist; sourceTree = "<group>"; };
		E4A576169EFC95B67C9F496A /* SubCategoryListViewModel.swift */ = {isa = PBXFileReference; lastKnownFileType = sourcecode.swift; path = SubCategoryListViewModel.swift; sourceTree = "<group>"; };
		E65CA2D4DE3D19707228E4F0 /* AbceedLogic.h */ = {isa = PBXFileReference; lastKnownFileType = sourcecode.c.h; path = AbceedLogic.h; sourceTree = "<group>"; };
		EB96E39F6F588CAA1878AE92 /* AppDelegate.swift */ = {isa = PBXFileReference; lastKnownFileType = sourcecode.swift; path = AppDelegate.swift; sourceTree = "<group>"; };
		ED30DB3CED6C3FECA81826CF /* BookRepository.swift */ = {isa = PBXFileReference; lastKnownFileType = sourcecode.swift; path = BookRepository.swift; sourceTree = "<group>"; };
		F404EB94599A7019F3AFB65A /* RxRelay.framework */ = {isa = PBXFileReference; lastKnownFileType = wrapper.framework; path = RxRelay.framework; sourceTree = "<group>"; };
		F5F17691A8FC32AE10D1AD46 /* Info.plist */ = {isa = PBXFileReference; lastKnownFileType = text.plist; path = Info.plist; sourceTree = "<group>"; };
		F65FA9F87C6E0CF6431BB4E2 /* single_subcategory.json */ = {isa = PBXFileReference; lastKnownFileType = text.json; path = single_subcategory.json; sourceTree = "<group>"; };
		F9C5DF4C61057702F0A7B8D4 /* BookListCollectionCell.swift */ = {isa = PBXFileReference; lastKnownFileType = sourcecode.swift; path = BookListCollectionCell.swift; sourceTree = "<group>"; };
		FB826C57D0A84C1CAF65DC14 /* Assets.xcassets */ = {isa = PBXFileReference; lastKnownFileType = folder.assetcatalog; path = Assets.xcassets; sourceTree = "<group>"; };
		FE099BFE91B6A8917EA3358D /* MockBookListTabViewModel.swift */ = {isa = PBXFileReference; lastKnownFileType = sourcecode.swift; path = MockBookListTabViewModel.swift; sourceTree = "<group>"; };
/* End PBXFileReference section */

/* Begin PBXFrameworksBuildPhase section */
		2F1642800BD73C8A69748B73 /* Frameworks */ = {
			isa = PBXFrameworksBuildPhase;
			buildActionMask = 2147483647;
			files = (
				3316B2CBC6ECD3BE0F8E8E00 /* TestHelper.framework in Frameworks */,
			);
			runOnlyForDeploymentPostprocessing = 0;
		};
		4617BED0AFB62487A55E45CF /* Frameworks */ = {
			isa = PBXFrameworksBuildPhase;
			buildActionMask = 2147483647;
			files = (
				6C69F6386D105681733AEAD3 /* TestHelper.framework in Frameworks */,
			);
			runOnlyForDeploymentPostprocessing = 0;
		};
		674800893E409B21252D2D89 /* Frameworks */ = {
			isa = PBXFrameworksBuildPhase;
			buildActionMask = 2147483647;
			files = (
				199F435FDFA363F35D25DDBA /* Realm.framework in Frameworks */,
				D48C66FFA58EF6A13B6F9FB7 /* RealmSwift.framework in Frameworks */,
			);
			runOnlyForDeploymentPostprocessing = 0;
		};
		6B70400ABC381786B782C466 /* Frameworks */ = {
			isa = PBXFrameworksBuildPhase;
			buildActionMask = 2147483647;
			files = (
				80B46DF4CF70B6A047FD7A20 /* Nuke.framework in Frameworks */,
				142B93A15CD225A07C953D0C /* RxNuke.framework in Frameworks */,
				572FE800E96A3D6AED402B3A /* SwipeMenuViewController.framework in Frameworks */,
			);
			runOnlyForDeploymentPostprocessing = 0;
		};
		A46BE0C444C4E1AF84DA6EEC /* Frameworks */ = {
			isa = PBXFrameworksBuildPhase;
			buildActionMask = 2147483647;
			files = (
				3B216105C9700BE75B1305EE /* RxSwift.framework in Frameworks */,
				13F757F8E854BB43216F0B7A /* RxRelay.framework in Frameworks */,
				217710AF4FED19A07BF6EADB /* RxCocoa.framework in Frameworks */,
			);
			runOnlyForDeploymentPostprocessing = 0;
		};
		ECC117E8FF84E5BE71FEB8D4 /* Frameworks */ = {
			isa = PBXFrameworksBuildPhase;
			buildActionMask = 2147483647;
			files = (
				872BB17CDBAA3D8931B5CDA9 /* TestHelper.framework in Frameworks */,
			);
			runOnlyForDeploymentPostprocessing = 0;
		};
/* End PBXFrameworksBuildPhase section */

/* Begin PBXGroup section */
		019A5BB934CBC00BC88571E9 /* Products */ = {
			isa = PBXGroup;
			children = (
				BEE845E92FC326462091B720 /* Abceed.app */,
				81A7F08588916079E8801D80 /* AbceedCore.framework */,
				C4DF231FF3B90D54E1256E54 /* AbceedCoreTests.xctest */,
				5877C1F15DC4B427ED32C958 /* AbceedLogic.framework */,
				6120126498B880C575068099 /* AbceedLogicTests.xctest */,
				C92E6A59C59F7281756A8D81 /* AbceedUI.framework */,
				37F3BA4BCB36907039ADCEA8 /* AbceedUIBundle.bundle */,
				5AFA33CF457B8B8ACD4E6B97 /* TestHelper.framework */,
				A3838DE3EF9DAB2CCD054388 /* UILibrary.app */,
			);
			name = Products;
			sourceTree = "<group>";
		};
		15C0EBC2E65B25B5078BB2C8 /* fixture */ = {
			isa = PBXGroup;
			children = (
				AACE44CBB328AED11706E79E /* all_data.json */,
				4D2B5A1D83FEA075A806469E /* book.json */,
				F65FA9F87C6E0CF6431BB4E2 /* single_subcategory.json */,
			);
			path = fixture;
			sourceTree = "<group>";
		};
		18801EE5FB72BDAB618BB159 /* iOS */ = {
			isa = PBXGroup;
			children = (
				C6E369D5DF4813C47C1548DC /* Nuke.framework */,
				A88B235009CC6395F851A6EF /* Realm.framework */,
				D39E5D21301CC7CE462CDB0A /* RealmSwift.framework */,
				BCF5670BF9F4ACC3F4AE93F5 /* RxCocoa.framework */,
				659F1FC08E4006D2C41DABF8 /* RxNuke.framework */,
				F404EB94599A7019F3AFB65A /* RxRelay.framework */,
				D76B54D35821D81D53057DB0 /* RxSwift.framework */,
				7645D01907468E5B0C20F3CF /* SwipeMenuViewController.framework */,
			);
			path = iOS;
			sourceTree = "<group>";
		};
		224EDF2CE3F5D86335CAA0A0 /* AbceedUI */ = {
			isa = PBXGroup;
			children = (
				660DA6681B4271507405C461 /* AbceedUI.h */,
				3E89BC58E96C252B43109ED8 /* BookCell.swift */,
				B9DB933CBFE42C1A5CC08E3C /* BookDetailViewController.swift */,
				F9C5DF4C61057702F0A7B8D4 /* BookListCollectionCell.swift */,
				7B44CDEFC7CEECD9F0314C01 /* Builders.swift */,
				ABEBE23884F9CBE7AAAD3849 /* Info.plist */,
				5BD9274AAE0933AE4A857782 /* SubCategoryHeaderView.swift */,
				A0D5172B46549112E1046CA6 /* SubCategoryListViewController.swift */,
				45B3A1EF5442397D8F3B9267 /* TopCategoryTabViewController.swift */,
				2CA6DC38C8F70C3BD71B849E /* UIKit.swift */,
				C4333244F39555C9AB633029 /* Wireframes.swift */,
			);
			path = AbceedUI;
			sourceTree = "<group>";
		};
		35F5AB67CEC916C8FF097A5B /* AbceedCore */ = {
			isa = PBXGroup;
			children = (
				A62EBCE183E08C847C0F4047 /* AbceedCore.h */,
				AF64286DBB518AB391BB76A6 /* API.swift */,
				2ACA72B6B89050234B9A1185 /* Info.plist */,
				B288FD3BF56C032384830294 /* Protocols.swift */,
				D3692EBAC4158553A3F98800 /* Rx.swift */,
				C527503F33B63C6BF3EC64F5 /* RxProperty.swift */,
				22B03BFF0D508802FE96EFDD /* TopCategoryTabState.swift */,
			);
			path = AbceedCore;
			sourceTree = "<group>";
		};
		4D897A315B396F37F1A5CD49 /* Frameworks */ = {
			isa = PBXGroup;
			children = (
				AB78C6BA891491C022069867 /* Carthage */,
			);
			name = Frameworks;
			sourceTree = "<group>";
		};
		4FC0541C132FCFF5426C68F4 /* AbceedLogic */ = {
			isa = PBXGroup;
			children = (
				E65CA2D4DE3D19707228E4F0 /* AbceedLogic.h */,
				4DC5248B5A3F79A2579A8952 /* BookDetailViewModel.swift */,
				21B74E49994A47A265CA3BBB /* BookListViewModel.swift */,
				ED30DB3CED6C3FECA81826CF /* BookRepository.swift */,
				6C7FDFEC012BE88E53930E6C /* Info.plist */,
				1A80C4AD7D5E114BDABEF5D6 /* MybookRepository.swift */,
				E4A576169EFC95B67C9F496A /* SubCategoryListViewModel.swift */,
				0B13530753D74793C3B64B29 /* TopCategoryTabViewModel.swift */,
			);
			path = AbceedLogic;
			sourceTree = "<group>";
		};
		824BA7808F3FB2A9D24BA76C /* AbceedLogicTests */ = {
			isa = PBXGroup;
			children = (
				514C07DA32C8BA53FACE8BB6 /* BookListTabViewModelTests.swift */,
				D2229E70CCAEDC454BBDECC5 /* Info.plist */,
				6DF982E5CD6F2B31B8D35399 /* MockBookRepository.swift */,
			);
			path = AbceedLogicTests;
			sourceTree = "<group>";
		};
		8996A483AF810C715220FA58 /* TestHelper */ = {
			isa = PBXGroup;
			children = (
				DF58EE2B9695330E8C1752A1 /* Info.plist */,
				296396731E0173E749228D58 /* TestHelper.h */,
				636D55B8A29FF22D4547CC8B /* TestHelper.swift */,
				15C0EBC2E65B25B5078BB2C8 /* fixture */,
			);
			path = TestHelper;
			sourceTree = "<group>";
		};
		90ACC786DE8C6A0916F5B538 /* UILibrary */ = {
			isa = PBXGroup;
			children = (
				DA5280A67453312BBFFABA97 /* AppDelegate.swift */,
				FB826C57D0A84C1CAF65DC14 /* Assets.xcassets */,
				F5F17691A8FC32AE10D1AD46 /* Info.plist */,
				1FC5CBDBC771D281F1E5FD16 /* LaunchScreen.storyboard */,
				FE099BFE91B6A8917EA3358D /* MockBookListTabViewModel.swift */,
				D4C0A524C2382B80CA6D67CD /* MockBookListWireframe.swift */,
				AEB78A8B5D3C69AA175B5566 /* MockBookRepository.swift */,
			);
			path = UILibrary;
			sourceTree = "<group>";
		};
		A82C923379D6DD4D577ED0E3 /* Abceed */ = {
			isa = PBXGroup;
			children = (
				EB96E39F6F588CAA1878AE92 /* AppDelegate.swift */,
				C3776397EB1D568A6D5DA40C /* Assets.xcassets */,
				1901E2E2F9DBAC35E38125FC /* Info.plist */,
				1199C9C8D35D10C5A69FE53C /* LaunchScreen.storyboard */,
			);
			path = Abceed;
			sourceTree = "<group>";
		};
		AB78C6BA891491C022069867 /* Carthage */ = {
			isa = PBXGroup;
			children = (
				18801EE5FB72BDAB618BB159 /* iOS */,
			);
			name = Carthage;
			path = Carthage/Build;
			sourceTree = "<group>";
		};
		CA23221B501FEDA67868D170 /* AbceedCoreTests */ = {
			isa = PBXGroup;
			children = (
				3EDFE978107DA9C3A52A3515 /* DecodableTests.swift */,
				641AAD16D782A8253CD66690 /* Info.plist */,
			);
			path = AbceedCoreTests;
			sourceTree = "<group>";
		};
		E117CEE96F3CE3D555F1E564 = {
			isa = PBXGroup;
			children = (
				A82C923379D6DD4D577ED0E3 /* Abceed */,
				35F5AB67CEC916C8FF097A5B /* AbceedCore */,
				CA23221B501FEDA67868D170 /* AbceedCoreTests */,
				4FC0541C132FCFF5426C68F4 /* AbceedLogic */,
				824BA7808F3FB2A9D24BA76C /* AbceedLogicTests */,
				224EDF2CE3F5D86335CAA0A0 /* AbceedUI */,
				F37F28BEC327F80D67725758 /* AbceedUIBundle */,
				8996A483AF810C715220FA58 /* TestHelper */,
				90ACC786DE8C6A0916F5B538 /* UILibrary */,
				4D897A315B396F37F1A5CD49 /* Frameworks */,
				019A5BB934CBC00BC88571E9 /* Products */,
			);
			sourceTree = "<group>";
		};
		F37F28BEC327F80D67725758 /* AbceedUIBundle */ = {
			isa = PBXGroup;
			children = (
				0DB71CD23DA99045EC71E992 /* Info.plist */,
				39BE7316E815F8C6B61C6306 /* left-arrow.png */,
			);
			path = AbceedUIBundle;
			sourceTree = "<group>";
		};
/* End PBXGroup section */

/* Begin PBXHeadersBuildPhase section */
		3E36D4C0312E14B5FFF284D6 /* Headers */ = {
			isa = PBXHeadersBuildPhase;
			buildActionMask = 2147483647;
			files = (
				78710F1498EDAB0E7C6274C7 /* AbceedLogic.h in Headers */,
			);
			runOnlyForDeploymentPostprocessing = 0;
		};
		A06A63904C54235F5A7EBBC5 /* Headers */ = {
			isa = PBXHeadersBuildPhase;
			buildActionMask = 2147483647;
			files = (
				14179FEFE6B396844DA837A9 /* AbceedUI.h in Headers */,
			);
			runOnlyForDeploymentPostprocessing = 0;
		};
		AA17A75B19E180225E32DFDF /* Headers */ = {
			isa = PBXHeadersBuildPhase;
			buildActionMask = 2147483647;
			files = (
				A72E34C3221C3CED5184FA2F /* TestHelper.h in Headers */,
			);
			runOnlyForDeploymentPostprocessing = 0;
		};
		F0AAC7B1DFD3E589CB2C8EBE /* Headers */ = {
			isa = PBXHeadersBuildPhase;
			buildActionMask = 2147483647;
			files = (
				E0E3FA1CAD57ADCCD020F7C5 /* AbceedCore.h in Headers */,
			);
			runOnlyForDeploymentPostprocessing = 0;
		};
/* End PBXHeadersBuildPhase section */

/* Begin PBXNativeTarget section */
		351A5F741BFA05FF252D5232 /* AbceedUIBundle */ = {
			isa = PBXNativeTarget;
			buildConfigurationList = 5317A233629934F29347A2C1 /* Build configuration list for PBXNativeTarget "AbceedUIBundle" */;
			buildPhases = (
				6835F6A3AD866CB6B74275AF /* Sources */,
				E49042C869DEA57715617B85 /* Resources */,
			);
			buildRules = (
			);
			dependencies = (
			);
			name = AbceedUIBundle;
			productName = AbceedUIBundle;
			productReference = 37F3BA4BCB36907039ADCEA8 /* AbceedUIBundle.bundle */;
			productType = "com.apple.product-type.bundle";
		};
		413EA2C3E01D4CAD46908B1A /* Abceed */ = {
			isa = PBXNativeTarget;
			buildConfigurationList = 3880791D419C4E5192EA5942 /* Build configuration list for PBXNativeTarget "Abceed" */;
			buildPhases = (
				C9B9273C62D45EDE73D505B2 /* Sources */,
				309E35C795BEABB456225B22 /* Resources */,
				FE3AB309247AED49F447DCEE /* Carthage */,
			);
			buildRules = (
			);
			dependencies = (
				84891429D7AB65D0C65049D0 /* PBXTargetDependency */,
				B537B86F0E88538241776C35 /* PBXTargetDependency */,
			);
			name = Abceed;
			productName = Abceed;
			productReference = BEE845E92FC326462091B720 /* Abceed.app */;
			productType = "com.apple.product-type.application";
		};
		4C9038B06EA762204424C94D /* TestHelper */ = {
			isa = PBXNativeTarget;
			buildConfigurationList = B66824A259BF94D09C0A97BD /* Build configuration list for PBXNativeTarget "TestHelper" */;
			buildPhases = (
				AA17A75B19E180225E32DFDF /* Headers */,
				0F783BA8ACAB22568C4AB9C0 /* Sources */,
				1DEC62C74D57F5A0DD04535B /* Resources */,
			);
			buildRules = (
			);
			dependencies = (
			);
			name = TestHelper;
			productName = TestHelper;
			productReference = 5AFA33CF457B8B8ACD4E6B97 /* TestHelper.framework */;
			productType = "com.apple.product-type.framework";
		};
		4F350538950A8EF5F0A93B57 /* AbceedLogic */ = {
			isa = PBXNativeTarget;
			buildConfigurationList = 7B5A7FC9AEAA39AA92406274 /* Build configuration list for PBXNativeTarget "AbceedLogic" */;
			buildPhases = (
				3E36D4C0312E14B5FFF284D6 /* Headers */,
				3AACA7CBDA13924FB8778C2A /* Sources */,
				674800893E409B21252D2D89 /* Frameworks */,
			);
			buildRules = (
			);
			dependencies = (
				694DF868664CEA62E61D4A8C /* PBXTargetDependency */,
			);
			name = AbceedLogic;
			productName = AbceedLogic;
			productReference = 5877C1F15DC4B427ED32C958 /* AbceedLogic.framework */;
			productType = "com.apple.product-type.framework";
		};
		57AF31890CBFD8729B989009 /* AbceedLogicTests */ = {
			isa = PBXNativeTarget;
			buildConfigurationList = 1EDB7117E5F4CA37D74CA792 /* Build configuration list for PBXNativeTarget "AbceedLogicTests" */;
			buildPhases = (
				0FC0570E86D89864D03BFBA2 /* Sources */,
				2F1642800BD73C8A69748B73 /* Frameworks */,
				EBF5745DC8A5124C9B3430D0 /* Embed Frameworks */,
			);
			buildRules = (
			);
			dependencies = (
				D704109E251D99F03FD1688F /* PBXTargetDependency */,
				DDF34D414F53781BC33BC5F2 /* PBXTargetDependency */,
			);
			name = AbceedLogicTests;
			productName = AbceedLogicTests;
			productReference = 6120126498B880C575068099 /* AbceedLogicTests.xctest */;
			productType = "com.apple.product-type.bundle.unit-test";
		};
		6026120B9D01BD1940F252E5 /* UILibrary */ = {
			isa = PBXNativeTarget;
			buildConfigurationList = 9A81E45968F2D86E3E7730F1 /* Build configuration list for PBXNativeTarget "UILibrary" */;
			buildPhases = (
				69009D707328BC0C6C26161F /* Sources */,
				E4234C324D70A0874C8C7CF1 /* Resources */,
				D53C3A023FEB80C0142FA6DA /* Carthage */,
				ECC117E8FF84E5BE71FEB8D4 /* Frameworks */,
				60F44A7EA3B466F3B3EC06BE /* Embed Frameworks */,
			);
			buildRules = (
			);
			dependencies = (
				EA6B986AEF5C3CE5008D6A16 /* PBXTargetDependency */,
				544FBFF629C82A0E499B2602 /* PBXTargetDependency */,
				557B49E7182B97BDF486FF3E /* PBXTargetDependency */,
			);
			name = UILibrary;
			productName = UILibrary;
			productReference = A3838DE3EF9DAB2CCD054388 /* UILibrary.app */;
			productType = "com.apple.product-type.application";
		};
		63EE88F3A704E8F2B037580F /* AbceedCore */ = {
			isa = PBXNativeTarget;
			buildConfigurationList = 83AAF436CBBF200A45A7D9F3 /* Build configuration list for PBXNativeTarget "AbceedCore" */;
			buildPhases = (
				F0AAC7B1DFD3E589CB2C8EBE /* Headers */,
				9225195C2AABDA81B789B1DA /* Sources */,
				A46BE0C444C4E1AF84DA6EEC /* Frameworks */,
			);
			buildRules = (
			);
			dependencies = (
			);
			name = AbceedCore;
			productName = AbceedCore;
			productReference = 81A7F08588916079E8801D80 /* AbceedCore.framework */;
			productType = "com.apple.product-type.framework";
		};
		9DCF399CCD8D381C9840797D /* AbceedUI */ = {
			isa = PBXNativeTarget;
			buildConfigurationList = 363B3892AFBA7C02FB50A46D /* Build configuration list for PBXNativeTarget "AbceedUI" */;
			buildPhases = (
				A06A63904C54235F5A7EBBC5 /* Headers */,
				83497004720121C6F687A5BD /* Sources */,
				6B70400ABC381786B782C466 /* Frameworks */,
			);
			buildRules = (
			);
			dependencies = (
				1910877358CBD704684276FA /* PBXTargetDependency */,
			);
			name = AbceedUI;
			productName = AbceedUI;
			productReference = C92E6A59C59F7281756A8D81 /* AbceedUI.framework */;
			productType = "com.apple.product-type.framework";
		};
		CE5DB7B7857767AF51087AF0 /* AbceedCoreTests */ = {
			isa = PBXNativeTarget;
			buildConfigurationList = D66DCCE4631280A16D24E419 /* Build configuration list for PBXNativeTarget "AbceedCoreTests" */;
			buildPhases = (
				3B67880D0BEBD1421932D48C /* Sources */,
				4617BED0AFB62487A55E45CF /* Frameworks */,
				1DCDF37E67BF972D6AEDD301 /* Embed Frameworks */,
			);
			buildRules = (
			);
			dependencies = (
				A66588AD1810A63108DE1AE9 /* PBXTargetDependency */,
				83B87D26987F14180A6042D6 /* PBXTargetDependency */,
			);
			name = AbceedCoreTests;
			productName = AbceedCoreTests;
			productReference = C4DF231FF3B90D54E1256E54 /* AbceedCoreTests.xctest */;
			productType = "com.apple.product-type.bundle.unit-test";
		};
/* End PBXNativeTarget section */

/* Begin PBXProject section */
		AF360851EE47AA87F1D07466 /* Project object */ = {
			isa = PBXProject;
			attributes = {
				LastUpgradeCheck = 1020;
				TargetAttributes = {
				};
			};
			buildConfigurationList = 09734ECF2B41C559814282EA /* Build configuration list for PBXProject "Abceed" */;
			compatibilityVersion = "Xcode 10.0";
			developmentRegion = en;
			hasScannedForEncodings = 0;
			knownRegions = (
				Base,
			);
			mainGroup = E117CEE96F3CE3D555F1E564;
			projectDirPath = "";
			projectRoot = "";
			targets = (
				413EA2C3E01D4CAD46908B1A /* Abceed */,
				63EE88F3A704E8F2B037580F /* AbceedCore */,
				CE5DB7B7857767AF51087AF0 /* AbceedCoreTests */,
				4F350538950A8EF5F0A93B57 /* AbceedLogic */,
				57AF31890CBFD8729B989009 /* AbceedLogicTests */,
				9DCF399CCD8D381C9840797D /* AbceedUI */,
				351A5F741BFA05FF252D5232 /* AbceedUIBundle */,
				4C9038B06EA762204424C94D /* TestHelper */,
				6026120B9D01BD1940F252E5 /* UILibrary */,
			);
		};
/* End PBXProject section */

/* Begin PBXResourcesBuildPhase section */
		1DEC62C74D57F5A0DD04535B /* Resources */ = {
			isa = PBXResourcesBuildPhase;
			buildActionMask = 2147483647;
			files = (
				DEB107D9723C3482CBE4524D /* all_data.json in Resources */,
				8414B8DF2C27B1D9C083A5B7 /* book.json in Resources */,
				D8E82AC8AFE9D5BC3B23FAC6 /* single_subcategory.json in Resources */,
			);
			runOnlyForDeploymentPostprocessing = 0;
		};
		309E35C795BEABB456225B22 /* Resources */ = {
			isa = PBXResourcesBuildPhase;
			buildActionMask = 2147483647;
			files = (
				F75C3667D536D142802DD6A0 /* Assets.xcassets in Resources */,
				CC3AD59FC6FE9DD4569FBA04 /* LaunchScreen.storyboard in Resources */,
				6691686633A2E925BCA1FA2D /* AbceedUIBundle.bundle in Resources */,
			);
			runOnlyForDeploymentPostprocessing = 0;
		};
		E4234C324D70A0874C8C7CF1 /* Resources */ = {
			isa = PBXResourcesBuildPhase;
			buildActionMask = 2147483647;
			files = (
				3CA3C2177C0E2973356B1977 /* Assets.xcassets in Resources */,
				E99855A3B3EBF3989A88A47C /* LaunchScreen.storyboard in Resources */,
				1D9BCD636AB68BE273AFDD09 /* AbceedUIBundle.bundle in Resources */,
			);
			runOnlyForDeploymentPostprocessing = 0;
		};
		E49042C869DEA57715617B85 /* Resources */ = {
			isa = PBXResourcesBuildPhase;
			buildActionMask = 2147483647;
			files = (
				D6E655AE64BDD6D29AABA68A /* left-arrow.png in Resources */,
			);
			runOnlyForDeploymentPostprocessing = 0;
		};
/* End PBXResourcesBuildPhase section */

/* Begin PBXShellScriptBuildPhase section */
		D53C3A023FEB80C0142FA6DA /* Carthage */ = {
			isa = PBXShellScriptBuildPhase;
			buildActionMask = 2147483647;
			files = (
			);
			inputPaths = (
				"$(SRCROOT)/Carthage/Build/iOS/Nuke.framework",
				"$(SRCROOT)/Carthage/Build/iOS/Realm.framework",
				"$(SRCROOT)/Carthage/Build/iOS/RealmSwift.framework",
				"$(SRCROOT)/Carthage/Build/iOS/RxCocoa.framework",
				"$(SRCROOT)/Carthage/Build/iOS/RxNuke.framework",
				"$(SRCROOT)/Carthage/Build/iOS/RxRelay.framework",
				"$(SRCROOT)/Carthage/Build/iOS/RxSwift.framework",
				"$(SRCROOT)/Carthage/Build/iOS/SwipeMenuViewController.framework",
			);
			name = Carthage;
			outputPaths = (
				"$(BUILT_PRODUCTS_DIR)/$(FRAMEWORKS_FOLDER_PATH)/Nuke.framework",
				"$(BUILT_PRODUCTS_DIR)/$(FRAMEWORKS_FOLDER_PATH)/Realm.framework",
				"$(BUILT_PRODUCTS_DIR)/$(FRAMEWORKS_FOLDER_PATH)/RealmSwift.framework",
				"$(BUILT_PRODUCTS_DIR)/$(FRAMEWORKS_FOLDER_PATH)/RxCocoa.framework",
				"$(BUILT_PRODUCTS_DIR)/$(FRAMEWORKS_FOLDER_PATH)/RxNuke.framework",
				"$(BUILT_PRODUCTS_DIR)/$(FRAMEWORKS_FOLDER_PATH)/RxRelay.framework",
				"$(BUILT_PRODUCTS_DIR)/$(FRAMEWORKS_FOLDER_PATH)/RxSwift.framework",
				"$(BUILT_PRODUCTS_DIR)/$(FRAMEWORKS_FOLDER_PATH)/SwipeMenuViewController.framework",
			);
			runOnlyForDeploymentPostprocessing = 0;
			shellPath = /bin/sh;
			shellScript = "carthage copy-frameworks\n";
		};
		FE3AB309247AED49F447DCEE /* Carthage */ = {
			isa = PBXShellScriptBuildPhase;
			buildActionMask = 2147483647;
			files = (
			);
			inputPaths = (
				"$(SRCROOT)/Carthage/Build/iOS/Nuke.framework",
				"$(SRCROOT)/Carthage/Build/iOS/Realm.framework",
				"$(SRCROOT)/Carthage/Build/iOS/RealmSwift.framework",
				"$(SRCROOT)/Carthage/Build/iOS/RxCocoa.framework",
				"$(SRCROOT)/Carthage/Build/iOS/RxNuke.framework",
				"$(SRCROOT)/Carthage/Build/iOS/RxRelay.framework",
				"$(SRCROOT)/Carthage/Build/iOS/RxSwift.framework",
				"$(SRCROOT)/Carthage/Build/iOS/SwipeMenuViewController.framework",
			);
			name = Carthage;
			outputPaths = (
				"$(BUILT_PRODUCTS_DIR)/$(FRAMEWORKS_FOLDER_PATH)/Nuke.framework",
				"$(BUILT_PRODUCTS_DIR)/$(FRAMEWORKS_FOLDER_PATH)/Realm.framework",
				"$(BUILT_PRODUCTS_DIR)/$(FRAMEWORKS_FOLDER_PATH)/RealmSwift.framework",
				"$(BUILT_PRODUCTS_DIR)/$(FRAMEWORKS_FOLDER_PATH)/RxCocoa.framework",
				"$(BUILT_PRODUCTS_DIR)/$(FRAMEWORKS_FOLDER_PATH)/RxNuke.framework",
				"$(BUILT_PRODUCTS_DIR)/$(FRAMEWORKS_FOLDER_PATH)/RxRelay.framework",
				"$(BUILT_PRODUCTS_DIR)/$(FRAMEWORKS_FOLDER_PATH)/RxSwift.framework",
				"$(BUILT_PRODUCTS_DIR)/$(FRAMEWORKS_FOLDER_PATH)/SwipeMenuViewController.framework",
			);
			runOnlyForDeploymentPostprocessing = 0;
			shellPath = /bin/sh;
			shellScript = "carthage copy-frameworks\n";
		};
/* End PBXShellScriptBuildPhase section */

/* Begin PBXSourcesBuildPhase section */
		0F783BA8ACAB22568C4AB9C0 /* Sources */ = {
			isa = PBXSourcesBuildPhase;
			buildActionMask = 2147483647;
			files = (
				6FA0703CC771F03265820ED0 /* TestHelper.swift in Sources */,
			);
			runOnlyForDeploymentPostprocessing = 0;
		};
		0FC0570E86D89864D03BFBA2 /* Sources */ = {
			isa = PBXSourcesBuildPhase;
			buildActionMask = 2147483647;
			files = (
				7B01FF19CB334ED5CCFFAA79 /* BookListTabViewModelTests.swift in Sources */,
				1843976CDEC305D8B01BB665 /* MockBookRepository.swift in Sources */,
			);
			runOnlyForDeploymentPostprocessing = 0;
		};
		3AACA7CBDA13924FB8778C2A /* Sources */ = {
			isa = PBXSourcesBuildPhase;
			buildActionMask = 2147483647;
			files = (
				84CAC06804DABA74567ECB73 /* BookDetailViewModel.swift in Sources */,
				16D2FBE0F346D339A07D9ED3 /* BookListViewModel.swift in Sources */,
				31E944680D325E1D80C7629A /* BookRepository.swift in Sources */,
				0EFC4BC4836417BD966E7572 /* MybookRepository.swift in Sources */,
				200777A872698661D551B42D /* SubCategoryListViewModel.swift in Sources */,
				C44A994BABAD81FB6D951ACB /* TopCategoryTabViewModel.swift in Sources */,
			);
			runOnlyForDeploymentPostprocessing = 0;
		};
		3B67880D0BEBD1421932D48C /* Sources */ = {
			isa = PBXSourcesBuildPhase;
			buildActionMask = 2147483647;
			files = (
				C7EE62DB83D797314F4962B1 /* DecodableTests.swift in Sources */,
			);
			runOnlyForDeploymentPostprocessing = 0;
		};
		6835F6A3AD866CB6B74275AF /* Sources */ = {
			isa = PBXSourcesBuildPhase;
			buildActionMask = 2147483647;
			files = (
			);
			runOnlyForDeploymentPostprocessing = 0;
		};
		69009D707328BC0C6C26161F /* Sources */ = {
			isa = PBXSourcesBuildPhase;
			buildActionMask = 2147483647;
			files = (
				5EC2ED6D8D70E49AC6B9B05A /* AppDelegate.swift in Sources */,
				C62971837258E284855F3B1D /* MockBookListTabViewModel.swift in Sources */,
				33E091E04CC1D773B83EE9EB /* MockBookListWireframe.swift in Sources */,
				CB1AC39B6DDF466E49A3032E /* MockBookRepository.swift in Sources */,
			);
			runOnlyForDeploymentPostprocessing = 0;
		};
		83497004720121C6F687A5BD /* Sources */ = {
			isa = PBXSourcesBuildPhase;
			buildActionMask = 2147483647;
			files = (
				CEE3D440CA0BFC1FCDF2E351 /* BookCell.swift in Sources */,
				045A88144330EA7A21F448E3 /* BookDetailViewController.swift in Sources */,
				F13F1D265A51123561A23BE9 /* BookListCollectionCell.swift in Sources */,
				ACDC0AA2FA7622B4CFC44354 /* Builders.swift in Sources */,
				7909492DE0C102873CC9E835 /* SubCategoryHeaderView.swift in Sources */,
				AEBBE91F6C5297D9399B8D34 /* SubCategoryListViewController.swift in Sources */,
				6522C49BA08918FEE9296E2C /* TopCategoryTabViewController.swift in Sources */,
				CE210492EB4A43CAC949973E /* UIKit.swift in Sources */,
				BEB763F7C020B6DEB53F869C /* Wireframes.swift in Sources */,
			);
			runOnlyForDeploymentPostprocessing = 0;
		};
		9225195C2AABDA81B789B1DA /* Sources */ = {
			isa = PBXSourcesBuildPhase;
			buildActionMask = 2147483647;
			files = (
				50DDAC9CE89363AE41057C97 /* API.swift in Sources */,
				3827F05A7ED2709E3390158B /* Protocols.swift in Sources */,
				D3D618DA3ACB39EA53A1EA72 /* Rx.swift in Sources */,
				E08A75D6F9ED0B383A301D02 /* RxProperty.swift in Sources */,
				5D09810DE2550393BA2077FC /* TopCategoryTabState.swift in Sources */,
			);
			runOnlyForDeploymentPostprocessing = 0;
		};
		C9B9273C62D45EDE73D505B2 /* Sources */ = {
			isa = PBXSourcesBuildPhase;
			buildActionMask = 2147483647;
			files = (
				C72892FAD3F21B63FE4A3DC8 /* AppDelegate.swift in Sources */,
			);
			runOnlyForDeploymentPostprocessing = 0;
		};
/* End PBXSourcesBuildPhase section */

/* Begin PBXTargetDependency section */
		1910877358CBD704684276FA /* PBXTargetDependency */ = {
			isa = PBXTargetDependency;
			target = 4F350538950A8EF5F0A93B57 /* AbceedLogic */;
			targetProxy = CAA00E7B7E2DA9D0AB79B55C /* PBXContainerItemProxy */;
		};
		544FBFF629C82A0E499B2602 /* PBXTargetDependency */ = {
			isa = PBXTargetDependency;
			target = 351A5F741BFA05FF252D5232 /* AbceedUIBundle */;
			targetProxy = 2B255F0D822949A52CBA873E /* PBXContainerItemProxy */;
		};
		557B49E7182B97BDF486FF3E /* PBXTargetDependency */ = {
			isa = PBXTargetDependency;
			target = 4C9038B06EA762204424C94D /* TestHelper */;
			targetProxy = EDCBA9D9A963559B8D6883A9 /* PBXContainerItemProxy */;
		};
		694DF868664CEA62E61D4A8C /* PBXTargetDependency */ = {
			isa = PBXTargetDependency;
			target = 63EE88F3A704E8F2B037580F /* AbceedCore */;
			targetProxy = 30194EF866F1EAA178C2FFCD /* PBXContainerItemProxy */;
		};
		83B87D26987F14180A6042D6 /* PBXTargetDependency */ = {
			isa = PBXTargetDependency;
			target = 4C9038B06EA762204424C94D /* TestHelper */;
			targetProxy = 741F9EB66247285742BFF60A /* PBXContainerItemProxy */;
		};
		84891429D7AB65D0C65049D0 /* PBXTargetDependency */ = {
			isa = PBXTargetDependency;
			target = 9DCF399CCD8D381C9840797D /* AbceedUI */;
			targetProxy = 18AF5B0AC5FDADAD9536E1D5 /* PBXContainerItemProxy */;
		};
		A66588AD1810A63108DE1AE9 /* PBXTargetDependency */ = {
			isa = PBXTargetDependency;
			target = 63EE88F3A704E8F2B037580F /* AbceedCore */;
			targetProxy = E23010824FAC4A331ABC6362 /* PBXContainerItemProxy */;
		};
		B537B86F0E88538241776C35 /* PBXTargetDependency */ = {
			isa = PBXTargetDependency;
			target = 351A5F741BFA05FF252D5232 /* AbceedUIBundle */;
			targetProxy = 442C2A7B6CC6AC7542FC608B /* PBXContainerItemProxy */;
		};
		D704109E251D99F03FD1688F /* PBXTargetDependency */ = {
			isa = PBXTargetDependency;
			target = 4F350538950A8EF5F0A93B57 /* AbceedLogic */;
			targetProxy = 99E4B20B51064401E6A07891 /* PBXContainerItemProxy */;
		};
		DDF34D414F53781BC33BC5F2 /* PBXTargetDependency */ = {
			isa = PBXTargetDependency;
			target = 4C9038B06EA762204424C94D /* TestHelper */;
			targetProxy = 3B29BA9F13F70DE487F9C856 /* PBXContainerItemProxy */;
		};
		EA6B986AEF5C3CE5008D6A16 /* PBXTargetDependency */ = {
			isa = PBXTargetDependency;
			target = 9DCF399CCD8D381C9840797D /* AbceedUI */;
			targetProxy = E0EF3410EB7158EAE3EEADCE /* PBXContainerItemProxy */;
		};
/* End PBXTargetDependency section */

/* Begin PBXVariantGroup section */
		1199C9C8D35D10C5A69FE53C /* LaunchScreen.storyboard */ = {
			isa = PBXVariantGroup;
			children = (
				AF4EE96A61C2CEE2E762282B /* Base */,
			);
			name = LaunchScreen.storyboard;
			sourceTree = "<group>";
		};
		1FC5CBDBC771D281F1E5FD16 /* LaunchScreen.storyboard */ = {
			isa = PBXVariantGroup;
			children = (
				CFD24D036093FB78911DBEE6 /* Base */,
			);
			name = LaunchScreen.storyboard;
			sourceTree = "<group>";
		};
/* End PBXVariantGroup section */

/* Begin XCBuildConfiguration section */
		043473A3DAA9E3A39875DE96 /* Release */ = {
			isa = XCBuildConfiguration;
			buildSettings = {
				ALWAYS_SEARCH_USER_PATHS = NO;
				CLANG_ANALYZER_NONNULL = YES;
				CLANG_ANALYZER_NUMBER_OBJECT_CONVERSION = YES_AGGRESSIVE;
				CLANG_CXX_LANGUAGE_STANDARD = "gnu++14";
				CLANG_CXX_LIBRARY = "libc++";
				CLANG_ENABLE_MODULES = YES;
				CLANG_ENABLE_OBJC_ARC = YES;
				CLANG_WARN_BLOCK_CAPTURE_AUTORELEASING = YES;
				CLANG_WARN_BOOL_CONVERSION = YES;
				CLANG_WARN_COMMA = YES;
				CLANG_WARN_CONSTANT_CONVERSION = YES;
				CLANG_WARN_DEPRECATED_OBJC_IMPLEMENTATIONS = YES;
				CLANG_WARN_DIRECT_OBJC_ISA_USAGE = YES_ERROR;
				CLANG_WARN_DOCUMENTATION_COMMENTS = YES;
				CLANG_WARN_EMPTY_BODY = YES;
				CLANG_WARN_ENUM_CONVERSION = YES;
				CLANG_WARN_INFINITE_RECURSION = YES;
				CLANG_WARN_INT_CONVERSION = YES;
				CLANG_WARN_NON_LITERAL_NULL_CONVERSION = YES;
				CLANG_WARN_OBJC_IMPLICIT_RETAIN_SELF = YES;
				CLANG_WARN_OBJC_LITERAL_CONVERSION = YES;
				CLANG_WARN_OBJC_ROOT_CLASS = YES_ERROR;
				CLANG_WARN_RANGE_LOOP_ANALYSIS = YES;
				CLANG_WARN_STRICT_PROTOTYPES = YES;
				CLANG_WARN_SUSPICIOUS_MOVE = YES;
				CLANG_WARN_UNGUARDED_AVAILABILITY = YES_AGGRESSIVE;
				CLANG_WARN_UNREACHABLE_CODE = YES;
				CLANG_WARN__DUPLICATE_METHOD_MATCH = YES;
				COPY_PHASE_STRIP = NO;
				DEBUG_INFORMATION_FORMAT = "dwarf-with-dsym";
				ENABLE_NS_ASSERTIONS = NO;
				ENABLE_STRICT_OBJC_MSGSEND = YES;
				GCC_C_LANGUAGE_STANDARD = gnu11;
				GCC_NO_COMMON_BLOCKS = YES;
				GCC_WARN_64_TO_32_BIT_CONVERSION = YES;
				GCC_WARN_ABOUT_RETURN_TYPE = YES_ERROR;
				GCC_WARN_UNDECLARED_SELECTOR = YES;
				GCC_WARN_UNINITIALIZED_AUTOS = YES_AGGRESSIVE;
				GCC_WARN_UNUSED_FUNCTION = YES;
				GCC_WARN_UNUSED_VARIABLE = YES;
				PRODUCT_NAME = "$(TARGET_NAME)";
				SDKROOT = iphoneos;
				SWIFT_COMPILATION_MODE = wholemodule;
				SWIFT_VERSION = 5.0;
				VALIDATE_PRODUCT = YES;
			};
			name = Release;
		};
		0E5CE87EB37F46EA55FD7911 /* Release */ = {
			isa = XCBuildConfiguration;
			buildSettings = {
				BUNDLE_LOADER = "$(TEST_HOST)";
				FRAMEWORK_SEARCH_PATHS = (
					"$(inherited)",
					"$(PROJECT_DIR)/Carthage/Build/iOS",
				);
				INFOPLIST_FILE = AbceedLogicTests/Info.plist;
				LD_RUNPATH_SEARCH_PATHS = (
					"$(inherited)",
					"@executable_path/Frameworks",
					"@loader_path/Frameworks",
				);
				PRODUCT_BUNDLE_IDENTIFIER = jp.toshi0383.AbceedLogicTests;
				SDKROOT = iphoneos;
				TARGETED_DEVICE_FAMILY = "1,2";
			};
			name = Release;
		};
		0F1E7A426874056253B93098 /* Release */ = {
			isa = XCBuildConfiguration;
			buildSettings = {
				BUNDLE_LOADER = "$(TEST_HOST)";
				FRAMEWORK_SEARCH_PATHS = (
					"$(inherited)",
					"$(PROJECT_DIR)/Carthage/Build/iOS",
				);
				INFOPLIST_FILE = AbceedCoreTests/Info.plist;
				LD_RUNPATH_SEARCH_PATHS = (
					"$(inherited)",
					"@executable_path/Frameworks",
					"@loader_path/Frameworks",
				);
				PRODUCT_BUNDLE_IDENTIFIER = jp.toshi0383.AbceedCoreTests;
				SDKROOT = iphoneos;
				TARGETED_DEVICE_FAMILY = "1,2";
			};
			name = Release;
		};
		25DB3DFFD4D95D2DE3EEF5CC /* Release */ = {
			isa = XCBuildConfiguration;
			buildSettings = {
				ASSETCATALOG_COMPILER_APPICON_NAME = AppIcon;
				CODE_SIGN_IDENTITY = "iPhone Developer";
				FRAMEWORK_SEARCH_PATHS = (
					"$(inherited)",
					"$(PROJECT_DIR)/Carthage/Build/iOS",
				);
				INFOPLIST_FILE = UILibrary/Info.plist;
				LD_RUNPATH_SEARCH_PATHS = (
					"$(inherited)",
					"@executable_path/Frameworks",
				);
				PRODUCT_BUNDLE_IDENTIFIER = jp.toshi0383.UILibrary;
				SDKROOT = iphoneos;
				TARGETED_DEVICE_FAMILY = "1,2";
			};
			name = Release;
		};
		2FCFEEB9ED5C444303A6B725 /* Release */ = {
			isa = XCBuildConfiguration;
			buildSettings = {
				ASSETCATALOG_COMPILER_APPICON_NAME = AppIcon;
				CODE_SIGN_IDENTITY = "iPhone Developer";
				FRAMEWORK_SEARCH_PATHS = (
					"$(inherited)",
					"$(PROJECT_DIR)/Carthage/Build/iOS",
				);
				INFOPLIST_FILE = abceed/Info.plist;
				LD_RUNPATH_SEARCH_PATHS = (
					"$(inherited)",
					"@executable_path/Frameworks",
				);
				PRODUCT_BUNDLE_IDENTIFIER = jp.toshi0383.Abceed;
				SDKROOT = iphoneos;
				TARGETED_DEVICE_FAMILY = "1,2";
			};
			name = Release;
		};
		34FA4607C308427AA95A1AC0 /* Debug */ = {
			isa = XCBuildConfiguration;
			buildSettings = {
				CODE_SIGN_IDENTITY = "";
				CURRENT_PROJECT_VERSION = 1;
				DEFINES_MODULE = YES;
				DYLIB_COMPATIBILITY_VERSION = 1;
				DYLIB_CURRENT_VERSION = 1;
				DYLIB_INSTALL_NAME_BASE = "@rpath";
				FRAMEWORK_SEARCH_PATHS = (
					"$(inherited)",
					"$(PROJECT_DIR)/Carthage/Build/iOS",
				);
				INFOPLIST_FILE = AbceedUI/Info.plist;
				INSTALL_PATH = "$(LOCAL_LIBRARY_DIR)/Frameworks";
				LD_RUNPATH_SEARCH_PATHS = (
					"$(inherited)",
					"@executable_path/Frameworks",
				);
				MACH_O_TYPE = staticlib;
				PRODUCT_BUNDLE_IDENTIFIER = jp.toshi0383.AbceedUI;
				SDKROOT = iphoneos;
				SKIP_INSTALL = YES;
				TARGETED_DEVICE_FAMILY = "1,2";
				VERSIONING_SYSTEM = "apple-generic";
			};
			name = Debug;
		};
		3FF6CB8C7F998ACC20574C68 /* Debug */ = {
			isa = XCBuildConfiguration;
			buildSettings = {
				ALWAYS_SEARCH_USER_PATHS = NO;
				CLANG_ANALYZER_NONNULL = YES;
				CLANG_ANALYZER_NUMBER_OBJECT_CONVERSION = YES_AGGRESSIVE;
				CLANG_CXX_LANGUAGE_STANDARD = "gnu++14";
				CLANG_CXX_LIBRARY = "libc++";
				CLANG_ENABLE_MODULES = YES;
				CLANG_ENABLE_OBJC_ARC = YES;
				CLANG_WARN_BLOCK_CAPTURE_AUTORELEASING = YES;
				CLANG_WARN_BOOL_CONVERSION = YES;
				CLANG_WARN_COMMA = YES;
				CLANG_WARN_CONSTANT_CONVERSION = YES;
				CLANG_WARN_DEPRECATED_OBJC_IMPLEMENTATIONS = YES;
				CLANG_WARN_DIRECT_OBJC_ISA_USAGE = YES_ERROR;
				CLANG_WARN_DOCUMENTATION_COMMENTS = YES;
				CLANG_WARN_EMPTY_BODY = YES;
				CLANG_WARN_ENUM_CONVERSION = YES;
				CLANG_WARN_INFINITE_RECURSION = YES;
				CLANG_WARN_INT_CONVERSION = YES;
				CLANG_WARN_NON_LITERAL_NULL_CONVERSION = YES;
				CLANG_WARN_OBJC_IMPLICIT_RETAIN_SELF = YES;
				CLANG_WARN_OBJC_LITERAL_CONVERSION = YES;
				CLANG_WARN_OBJC_ROOT_CLASS = YES_ERROR;
				CLANG_WARN_RANGE_LOOP_ANALYSIS = YES;
				CLANG_WARN_STRICT_PROTOTYPES = YES;
				CLANG_WARN_SUSPICIOUS_MOVE = YES;
				CLANG_WARN_UNGUARDED_AVAILABILITY = YES_AGGRESSIVE;
				CLANG_WARN_UNREACHABLE_CODE = YES;
				CLANG_WARN__DUPLICATE_METHOD_MATCH = YES;
				COPY_PHASE_STRIP = NO;
				DEBUG_INFORMATION_FORMAT = dwarf;
				ENABLE_STRICT_OBJC_MSGSEND = YES;
				ENABLE_TESTABILITY = YES;
				GCC_C_LANGUAGE_STANDARD = gnu11;
				GCC_DYNAMIC_NO_PIC = NO;
				GCC_NO_COMMON_BLOCKS = YES;
				GCC_OPTIMIZATION_LEVEL = 0;
				GCC_PREPROCESSOR_DEFINITIONS = (
					"$(inherited)",
					"DEBUG=1",
				);
				GCC_WARN_64_TO_32_BIT_CONVERSION = YES;
				GCC_WARN_ABOUT_RETURN_TYPE = YES_ERROR;
				GCC_WARN_UNDECLARED_SELECTOR = YES;
				GCC_WARN_UNINITIALIZED_AUTOS = YES_AGGRESSIVE;
				GCC_WARN_UNUSED_FUNCTION = YES;
				GCC_WARN_UNUSED_VARIABLE = YES;
				MTL_ENABLE_DEBUG_INFO = YES;
				ONLY_ACTIVE_ARCH = YES;
				PRODUCT_NAME = "$(TARGET_NAME)";
				SDKROOT = iphoneos;
				SWIFT_ACTIVE_COMPILATION_CONDITIONS = DEBUG;
				SWIFT_OPTIMIZATION_LEVEL = "-Onone";
				SWIFT_VERSION = 5.0;
			};
			name = Debug;
		};
		5263DEAAECABB00A86D65B02 /* Release */ = {
			isa = XCBuildConfiguration;
			buildSettings = {
				CODE_SIGN_IDENTITY = "";
				CURRENT_PROJECT_VERSION = 1;
				DEFINES_MODULE = YES;
				DYLIB_COMPATIBILITY_VERSION = 1;
				DYLIB_CURRENT_VERSION = 1;
				DYLIB_INSTALL_NAME_BASE = "@rpath";
				INFOPLIST_FILE = TestHelper/Info.plist;
				INSTALL_PATH = "$(LOCAL_LIBRARY_DIR)/Frameworks";
				LD_RUNPATH_SEARCH_PATHS = (
					"$(inherited)",
					"@executable_path/Frameworks",
				);
				PRODUCT_BUNDLE_IDENTIFIER = jp.toshi0383.TestHelper;
				SDKROOT = iphoneos;
				SKIP_INSTALL = YES;
				TARGETED_DEVICE_FAMILY = "1,2";
				VERSIONING_SYSTEM = "apple-generic";
			};
			name = Release;
		};
		5884B9556F8071F5608432CD /* Debug */ = {
			isa = XCBuildConfiguration;
			buildSettings = {
				CODE_SIGN_IDENTITY = "";
				CURRENT_PROJECT_VERSION = 1;
				DEFINES_MODULE = YES;
				DYLIB_COMPATIBILITY_VERSION = 1;
				DYLIB_CURRENT_VERSION = 1;
				DYLIB_INSTALL_NAME_BASE = "@rpath";
				INFOPLIST_FILE = TestHelper/Info.plist;
				INSTALL_PATH = "$(LOCAL_LIBRARY_DIR)/Frameworks";
				LD_RUNPATH_SEARCH_PATHS = (
					"$(inherited)",
					"@executable_path/Frameworks",
				);
				PRODUCT_BUNDLE_IDENTIFIER = jp.toshi0383.TestHelper;
				SDKROOT = iphoneos;
				SKIP_INSTALL = YES;
				TARGETED_DEVICE_FAMILY = "1,2";
				VERSIONING_SYSTEM = "apple-generic";
			};
			name = Debug;
		};
		5DFFA2E5531D864A5366256A /* Debug */ = {
			isa = XCBuildConfiguration;
			buildSettings = {
				ASSETCATALOG_COMPILER_APPICON_NAME = AppIcon;
				CODE_SIGN_IDENTITY = "iPhone Developer";
				FRAMEWORK_SEARCH_PATHS = (
					"$(inherited)",
					"$(PROJECT_DIR)/Carthage/Build/iOS",
				);
				INFOPLIST_FILE = UILibrary/Info.plist;
				LD_RUNPATH_SEARCH_PATHS = (
					"$(inherited)",
					"@executable_path/Frameworks",
				);
				PRODUCT_BUNDLE_IDENTIFIER = jp.toshi0383.UILibrary;
				SDKROOT = iphoneos;
				TARGETED_DEVICE_FAMILY = "1,2";
			};
			name = Debug;
		};
		8D40315C830700EFF93FC891 /* Release */ = {
			isa = XCBuildConfiguration;
			buildSettings = {
				INFOPLIST_FILE = AbceedUIBundle/Info.plist;
				LD_RUNPATH_SEARCH_PATHS = (
					"$(inherited)",
					"@executable_path/Frameworks",
				);
				PRODUCT_BUNDLE_IDENTIFIER = jp.toshi0383.AbceedUIBundle;
				SDKROOT = iphoneos;
				TARGETED_DEVICE_FAMILY = "1,2";
			};
			name = Release;
		};
		9FCBAC0276D0669117DFEFC4 /* Release */ = {
			isa = XCBuildConfiguration;
			buildSettings = {
				CODE_SIGN_IDENTITY = "";
				CURRENT_PROJECT_VERSION = 1;
				DEFINES_MODULE = YES;
				DYLIB_COMPATIBILITY_VERSION = 1;
				DYLIB_CURRENT_VERSION = 1;
				DYLIB_INSTALL_NAME_BASE = "@rpath";
				FRAMEWORK_SEARCH_PATHS = (
					"$(inherited)",
					"$(PROJECT_DIR)/Carthage/Build/iOS",
				);
				INFOPLIST_FILE = AbceedUI/Info.plist;
				INSTALL_PATH = "$(LOCAL_LIBRARY_DIR)/Frameworks";
				LD_RUNPATH_SEARCH_PATHS = (
					"$(inherited)",
					"@executable_path/Frameworks",
				);
				MACH_O_TYPE = staticlib;
				PRODUCT_BUNDLE_IDENTIFIER = jp.toshi0383.AbceedUI;
				SDKROOT = iphoneos;
				SKIP_INSTALL = YES;
				TARGETED_DEVICE_FAMILY = "1,2";
				VERSIONING_SYSTEM = "apple-generic";
			};
			name = Release;
		};
		AD2FDA040D314B386C008FA2 /* Release */ = {
			isa = XCBuildConfiguration;
			buildSettings = {
				CODE_SIGN_IDENTITY = "";
				CURRENT_PROJECT_VERSION = 1;
				DEFINES_MODULE = YES;
				DYLIB_COMPATIBILITY_VERSION = 1;
				DYLIB_CURRENT_VERSION = 1;
				DYLIB_INSTALL_NAME_BASE = "@rpath";
				FRAMEWORK_SEARCH_PATHS = (
					"$(inherited)",
					"$(PROJECT_DIR)/Carthage/Build/iOS",
				);
				INFOPLIST_FILE = AbceedCore/Info.plist;
				INSTALL_PATH = "$(LOCAL_LIBRARY_DIR)/Frameworks";
				LD_RUNPATH_SEARCH_PATHS = (
					"$(inherited)",
					"@executable_path/Frameworks",
				);
				MACH_O_TYPE = staticlib;
				PRODUCT_BUNDLE_IDENTIFIER = jp.toshi0383.AbceedCore;
				SDKROOT = iphoneos;
				SKIP_INSTALL = YES;
				TARGETED_DEVICE_FAMILY = "1,2";
				VERSIONING_SYSTEM = "apple-generic";
			};
			name = Release;
		};
		BB8BE7533B09BBF729D7A834 /* Debug */ = {
			isa = XCBuildConfiguration;
			buildSettings = {
				CODE_SIGN_IDENTITY = "";
				CURRENT_PROJECT_VERSION = 1;
				DEFINES_MODULE = YES;
				DYLIB_COMPATIBILITY_VERSION = 1;
				DYLIB_CURRENT_VERSION = 1;
				DYLIB_INSTALL_NAME_BASE = "@rpath";
				FRAMEWORK_SEARCH_PATHS = (
					"$(inherited)",
					"$(PROJECT_DIR)/Carthage/Build/iOS",
				);
				INFOPLIST_FILE = AbceedCore/Info.plist;
				INSTALL_PATH = "$(LOCAL_LIBRARY_DIR)/Frameworks";
				LD_RUNPATH_SEARCH_PATHS = (
					"$(inherited)",
					"@executable_path/Frameworks",
				);
				MACH_O_TYPE = staticlib;
				PRODUCT_BUNDLE_IDENTIFIER = jp.toshi0383.AbceedCore;
				SDKROOT = iphoneos;
				SKIP_INSTALL = YES;
				TARGETED_DEVICE_FAMILY = "1,2";
				VERSIONING_SYSTEM = "apple-generic";
			};
			name = Debug;
		};
		CA1561ED679F48819BE3A95D /* Debug */ = {
			isa = XCBuildConfiguration;
			buildSettings = {
				BUNDLE_LOADER = "$(TEST_HOST)";
				FRAMEWORK_SEARCH_PATHS = (
					"$(inherited)",
					"$(PROJECT_DIR)/Carthage/Build/iOS",
				);
				INFOPLIST_FILE = AbceedLogicTests/Info.plist;
				LD_RUNPATH_SEARCH_PATHS = (
					"$(inherited)",
					"@executable_path/Frameworks",
					"@loader_path/Frameworks",
				);
				PRODUCT_BUNDLE_IDENTIFIER = jp.toshi0383.AbceedLogicTests;
				SDKROOT = iphoneos;
				TARGETED_DEVICE_FAMILY = "1,2";
			};
			name = Debug;
		};
		DDB117E1B908E6E40210C4CE /* Release */ = {
			isa = XCBuildConfiguration;
			buildSettings = {
				CODE_SIGN_IDENTITY = "";
				CURRENT_PROJECT_VERSION = 1;
				DEFINES_MODULE = YES;
				DYLIB_COMPATIBILITY_VERSION = 1;
				DYLIB_CURRENT_VERSION = 1;
				DYLIB_INSTALL_NAME_BASE = "@rpath";
				FRAMEWORK_SEARCH_PATHS = (
					"$(inherited)",
					"$(PROJECT_DIR)/Carthage/Build/iOS",
				);
				INFOPLIST_FILE = AbceedLogic/Info.plist;
				INSTALL_PATH = "$(LOCAL_LIBRARY_DIR)/Frameworks";
				LD_RUNPATH_SEARCH_PATHS = (
					"$(inherited)",
					"@executable_path/Frameworks",
				);
				MACH_O_TYPE = staticlib;
				PRODUCT_BUNDLE_IDENTIFIER = jp.toshi0383.AbceedLogic;
				SDKROOT = iphoneos;
				SKIP_INSTALL = YES;
				TARGETED_DEVICE_FAMILY = "1,2";
				VERSIONING_SYSTEM = "apple-generic";
			};
			name = Release;
		};
		E5381FEB70C5B1BEEDB0501D /* Debug */ = {
			isa = XCBuildConfiguration;
			buildSettings = {
				CODE_SIGN_IDENTITY = "";
				CURRENT_PROJECT_VERSION = 1;
				DEFINES_MODULE = YES;
				DYLIB_COMPATIBILITY_VERSION = 1;
				DYLIB_CURRENT_VERSION = 1;
				DYLIB_INSTALL_NAME_BASE = "@rpath";
				FRAMEWORK_SEARCH_PATHS = (
					"$(inherited)",
					"$(PROJECT_DIR)/Carthage/Build/iOS",
				);
				INFOPLIST_FILE = AbceedLogic/Info.plist;
				INSTALL_PATH = "$(LOCAL_LIBRARY_DIR)/Frameworks";
				LD_RUNPATH_SEARCH_PATHS = (
					"$(inherited)",
					"@executable_path/Frameworks",
				);
				MACH_O_TYPE = staticlib;
				PRODUCT_BUNDLE_IDENTIFIER = jp.toshi0383.AbceedLogic;
				SDKROOT = iphoneos;
				SKIP_INSTALL = YES;
				TARGETED_DEVICE_FAMILY = "1,2";
				VERSIONING_SYSTEM = "apple-generic";
			};
			name = Debug;
		};
		E81E91A73C6183C5B5231CF3 /* Debug */ = {
			isa = XCBuildConfiguration;
			buildSettings = {
				INFOPLIST_FILE = AbceedUIBundle/Info.plist;
				LD_RUNPATH_SEARCH_PATHS = (
					"$(inherited)",
					"@executable_path/Frameworks",
				);
				PRODUCT_BUNDLE_IDENTIFIER = jp.toshi0383.AbceedUIBundle;
				SDKROOT = iphoneos;
				TARGETED_DEVICE_FAMILY = "1,2";
			};
			name = Debug;
		};
		F035FF902EBDDF78D4C0EA3C /* Debug */ = {
			isa = XCBuildConfiguration;
			buildSettings = {
				ASSETCATALOG_COMPILER_APPICON_NAME = AppIcon;
				CODE_SIGN_IDENTITY = "iPhone Developer";
				FRAMEWORK_SEARCH_PATHS = (
					"$(inherited)",
					"$(PROJECT_DIR)/Carthage/Build/iOS",
				);
				INFOPLIST_FILE = abceed/Info.plist;
				LD_RUNPATH_SEARCH_PATHS = (
					"$(inherited)",
					"@executable_path/Frameworks",
				);
				PRODUCT_BUNDLE_IDENTIFIER = jp.toshi0383.Abceed;
				SDKROOT = iphoneos;
				TARGETED_DEVICE_FAMILY = "1,2";
			};
			name = Debug;
		};
		FD98F5C6CE06F6B0BF3C29BD /* Debug */ = {
			isa = XCBuildConfiguration;
			buildSettings = {
				BUNDLE_LOADER = "$(TEST_HOST)";
				FRAMEWORK_SEARCH_PATHS = (
					"$(inherited)",
					"$(PROJECT_DIR)/Carthage/Build/iOS",
				);
				INFOPLIST_FILE = AbceedCoreTests/Info.plist;
				LD_RUNPATH_SEARCH_PATHS = (
					"$(inherited)",
					"@executable_path/Frameworks",
					"@loader_path/Frameworks",
				);
				PRODUCT_BUNDLE_IDENTIFIER = jp.toshi0383.AbceedCoreTests;
				SDKROOT = iphoneos;
				TARGETED_DEVICE_FAMILY = "1,2";
			};
			name = Debug;
		};
/* End XCBuildConfiguration section */

/* Begin XCConfigurationList section */
		09734ECF2B41C559814282EA /* Build configuration list for PBXProject "Abceed" */ = {
			isa = XCConfigurationList;
			buildConfigurations = (
				3FF6CB8C7F998ACC20574C68 /* Debug */,
				043473A3DAA9E3A39875DE96 /* Release */,
			);
			defaultConfigurationIsVisible = 0;
			defaultConfigurationName = Debug;
		};
		1EDB7117E5F4CA37D74CA792 /* Build configuration list for PBXNativeTarget "AbceedLogicTests" */ = {
			isa = XCConfigurationList;
			buildConfigurations = (
				CA1561ED679F48819BE3A95D /* Debug */,
				0E5CE87EB37F46EA55FD7911 /* Release */,
			);
			defaultConfigurationIsVisible = 0;
			defaultConfigurationName = Debug;
		};
		363B3892AFBA7C02FB50A46D /* Build configuration list for PBXNativeTarget "AbceedUI" */ = {
			isa = XCConfigurationList;
			buildConfigurations = (
				34FA4607C308427AA95A1AC0 /* Debug */,
				9FCBAC0276D0669117DFEFC4 /* Release */,
			);
			defaultConfigurationIsVisible = 0;
			defaultConfigurationName = Debug;
		};
		3880791D419C4E5192EA5942 /* Build configuration list for PBXNativeTarget "Abceed" */ = {
			isa = XCConfigurationList;
			buildConfigurations = (
				F035FF902EBDDF78D4C0EA3C /* Debug */,
				2FCFEEB9ED5C444303A6B725 /* Release */,
			);
			defaultConfigurationIsVisible = 0;
			defaultConfigurationName = Debug;
		};
		5317A233629934F29347A2C1 /* Build configuration list for PBXNativeTarget "AbceedUIBundle" */ = {
			isa = XCConfigurationList;
			buildConfigurations = (
				E81E91A73C6183C5B5231CF3 /* Debug */,
				8D40315C830700EFF93FC891 /* Release */,
			);
			defaultConfigurationIsVisible = 0;
			defaultConfigurationName = Debug;
		};
		7B5A7FC9AEAA39AA92406274 /* Build configuration list for PBXNativeTarget "AbceedLogic" */ = {
			isa = XCConfigurationList;
			buildConfigurations = (
				E5381FEB70C5B1BEEDB0501D /* Debug */,
				DDB117E1B908E6E40210C4CE /* Release */,
			);
			defaultConfigurationIsVisible = 0;
			defaultConfigurationName = Debug;
		};
		83AAF436CBBF200A45A7D9F3 /* Build configuration list for PBXNativeTarget "AbceedCore" */ = {
			isa = XCConfigurationList;
			buildConfigurations = (
				BB8BE7533B09BBF729D7A834 /* Debug */,
				AD2FDA040D314B386C008FA2 /* Release */,
			);
			defaultConfigurationIsVisible = 0;
			defaultConfigurationName = Debug;
		};
		9A81E45968F2D86E3E7730F1 /* Build configuration list for PBXNativeTarget "UILibrary" */ = {
			isa = XCConfigurationList;
			buildConfigurations = (
				5DFFA2E5531D864A5366256A /* Debug */,
				25DB3DFFD4D95D2DE3EEF5CC /* Release */,
			);
			defaultConfigurationIsVisible = 0;
			defaultConfigurationName = Debug;
		};
		B66824A259BF94D09C0A97BD /* Build configuration list for PBXNativeTarget "TestHelper" */ = {
			isa = XCConfigurationList;
			buildConfigurations = (
				5884B9556F8071F5608432CD /* Debug */,
				5263DEAAECABB00A86D65B02 /* Release */,
			);
			defaultConfigurationIsVisible = 0;
			defaultConfigurationName = Debug;
		};
		D66DCCE4631280A16D24E419 /* Build configuration list for PBXNativeTarget "AbceedCoreTests" */ = {
			isa = XCConfigurationList;
			buildConfigurations = (
				FD98F5C6CE06F6B0BF3C29BD /* Debug */,
				0F1E7A426874056253B93098 /* Release */,
			);
			defaultConfigurationIsVisible = 0;
			defaultConfigurationName = Debug;
		};
/* End XCConfigurationList section */
	};
	rootObject = AF360851EE47AA87F1D07466 /* Project object */;
}
